{
  "name": "npm",
  "lockfileVersion": 3,
  "requires": true,
  "packages": {
    "": {
      "dependencies": {
        "envinfo": "^7.9.0",
        "js-cookie": "^3.0.5"
      }
    },
    "node_modules/envinfo": {
      "version": "7.9.0",
      "resolved": "https://registry.npmjs.org/envinfo/-/envinfo-7.9.0.tgz",
      "integrity": "sha512-RODB4txU+xImYDemN5DqaKC0CHk05XSVkOX4pq0hK26Qx+1LChkuOyUDlGEjYb3ACr0n9qBhFjg37hQuJvpkRQ==",
      "bin": {
        "envinfo": "dist/cli.js"
      },
      "engines": {
        "node": ">=4"
      }
    },
    "node_modules/js-cookie": {
      "version": "3.0.5",
      "resolved": "https://registry.npmjs.org/js-cookie/-/js-cookie-3.0.5.tgz",
      "integrity": "sha512-cEiJEAEoIbWfCZYKWhVwFuvPX1gETRYPw6LlaTKoxD3s2AkXzkCjnp6h0V77ozyqj0jakteJ4YqDJT830+lVGw==",
      "engines": {
        "node": ">=14"
      }
    }
  }
}
